// !$*UTF8*$!
{
	archiveVersion = 1;
	classes = {
	};
	objectVersion = 56;
	objects = {

/* Begin PBXBuildFile section */
		2669976D2B446B56006CEB8D /* WeatherAppApp.swift in Sources */ = {isa = PBXBuildFile; fileRef = 2669976C2B446B56006CEB8D /* WeatherAppApp.swift */; };
		2669976F2B446B56006CEB8D /* ContentView.swift in Sources */ = {isa = PBXBuildFile; fileRef = 2669976E2B446B56006CEB8D /* ContentView.swift */; };
		266997712B446B58006CEB8D /* Assets.xcassets in Resources */ = {isa = PBXBuildFile; fileRef = 266997702B446B58006CEB8D /* Assets.xcassets */; };
		266997742B446B58006CEB8D /* Preview Assets.xcassets in Resources */ = {isa = PBXBuildFile; fileRef = 266997732B446B58006CEB8D /* Preview Assets.xcassets */; };
		2669977C2B446E21006CEB8D /* LocationManager.swift in Sources */ = {isa = PBXBuildFile; fileRef = 2669977B2B446E21006CEB8D /* LocationManager.swift */; };
		2669977F2B4471B3006CEB8D /* WelcomeView.swift in Sources */ = {isa = PBXBuildFile; fileRef = 2669977E2B4471B3006CEB8D /* WelcomeView.swift */; };
		266997812B4476D4006CEB8D /* LoadingView.swift in Sources */ = {isa = PBXBuildFile; fileRef = 266997802B4476D4006CEB8D /* LoadingView.swift */; };
		266997832B447BE1006CEB8D /* WeatherManager.swift in Sources */ = {isa = PBXBuildFile; fileRef = 266997822B447BE1006CEB8D /* WeatherManager.swift */; };
		266997852B448A65006CEB8D /* WeatherView.swift in Sources */ = {isa = PBXBuildFile; fileRef = 266997842B448A65006CEB8D /* WeatherView.swift */; };
		266997872B448AA8006CEB8D /* ModelData.swift in Sources */ = {isa = PBXBuildFile; fileRef = 266997862B448AA8006CEB8D /* ModelData.swift */; };
		2669978B2B448B7C006CEB8D /* weatherData.json in Resources */ = {isa = PBXBuildFile; fileRef = 2669978A2B448B7C006CEB8D /* weatherData.json */; };
		2669978E2B448C5B006CEB8D /* Extention.swift in Sources */ = {isa = PBXBuildFile; fileRef = 2669978D2B448C5B006CEB8D /* Extention.swift */; };
		266997912B4495B9006CEB8D /* weatherRow.swift in Sources */ = {isa = PBXBuildFile; fileRef = 266997902B4495B9006CEB8D /* weatherRow.swift */; };
/* End PBXBuildFile section */

/* Begin PBXFileReference section */
		266997692B446B56006CEB8D /* WeatherApp.app */ = {isa = PBXFileReference; explicitFileType = wrapper.application; includeInIndex = 0; path = WeatherApp.app; sourceTree = BUILT_PRODUCTS_DIR; };
		2669976C2B446B56006CEB8D /* WeatherAppApp.swift */ = {isa = PBXFileReference; lastKnownFileType = sourcecode.swift; path = WeatherAppApp.swift; sourceTree = "<group>"; };
		2669976E2B446B56006CEB8D /* ContentView.swift */ = {isa = PBXFileReference; lastKnownFileType = sourcecode.swift; path = ContentView.swift; sourceTree = "<group>"; };
		266997702B446B58006CEB8D /* Assets.xcassets */ = {isa = PBXFileReference; lastKnownFileType = folder.assetcatalog; path = Assets.xcassets; sourceTree = "<group>"; };
		266997732B446B58006CEB8D /* Preview Assets.xcassets */ = {isa = PBXFileReference; lastKnownFileType = folder.assetcatalog; path = "Preview Assets.xcassets"; sourceTree = "<group>"; };
		2669977B2B446E21006CEB8D /* LocationManager.swift */ = {isa = PBXFileReference; lastKnownFileType = sourcecode.swift; path = LocationManager.swift; sourceTree = "<group>"; };
		2669977E2B4471B3006CEB8D /* WelcomeView.swift */ = {isa = PBXFileReference; lastKnownFileType = sourcecode.swift; path = WelcomeView.swift; sourceTree = "<group>"; };
		266997802B4476D4006CEB8D /* LoadingView.swift */ = {isa = PBXFileReference; lastKnownFileType = sourcecode.swift; path = LoadingView.swift; sourceTree = "<group>"; };
		266997822B447BE1006CEB8D /* WeatherManager.swift */ = {isa = PBXFileReference; lastKnownFileType = sourcecode.swift; path = WeatherManager.swift; sourceTree = "<group>"; };
		266997842B448A65006CEB8D /* WeatherView.swift */ = {isa = PBXFileReference; lastKnownFileType = sourcecode.swift; path = WeatherView.swift; sourceTree = "<group>"; };
		266997862B448AA8006CEB8D /* ModelData.swift */ = {isa = PBXFileReference; lastKnownFileType = sourcecode.swift; path = ModelData.swift; sourceTree = "<group>"; };
		2669978A2B448B7C006CEB8D /* weatherData.json */ = {isa = PBXFileReference; lastKnownFileType = text.json; path = weatherData.json; sourceTree = "<group>"; };
		2669978D2B448C5B006CEB8D /* Extention.swift */ = {isa = PBXFileReference; lastKnownFileType = sourcecode.swift; path = Extention.swift; sourceTree = "<group>"; };
		266997902B4495B9006CEB8D /* weatherRow.swift */ = {isa = PBXFileReference; lastKnownFileType = sourcecode.swift; path = weatherRow.swift; sourceTree = "<group>"; };
/* End PBXFileReference section */

/* Begin PBXFrameworksBuildPhase section */
		266997662B446B56006CEB8D /* Frameworks */ = {
			isa = PBXFrameworksBuildPhase;
			buildActionMask = 2147483647;
			files = (
			);
			runOnlyForDeploymentPostprocessing = 0;
		};
/* End PBXFrameworksBuildPhase section */

/* Begin PBXGroup section */
		266997602B446B56006CEB8D = {
			isa = PBXGroup;
			children = (
				2669976B2B446B56006CEB8D /* WeatherApp */,
				2669976A2B446B56006CEB8D /* Products */,
			);
			sourceTree = "<group>";
		};
		2669976A2B446B56006CEB8D /* Products */ = {
			isa = PBXGroup;
			children = (
				266997692B446B56006CEB8D /* WeatherApp.app */,
			);
			name = Products;
			sourceTree = "<group>";
		};
		2669976B2B446B56006CEB8D /* WeatherApp */ = {
			isa = PBXGroup;
			children = (
				2669977A2B446E0F006CEB8D /* Managers */,
				2669978F2B4495AB006CEB8D /* Component */,
				2669977D2B447157006CEB8D /* Views */,
				2669978C2B448C4D006CEB8D /* Extention */,
				2669976C2B446B56006CEB8D /* WeatherAppApp.swift */,
				266997862B448AA8006CEB8D /* ModelData.swift */,
				266997702B446B58006CEB8D /* Assets.xcassets */,
				266997722B446B58006CEB8D /* Preview Content */,
			);
			path = WeatherApp;
			sourceTree = "<group>";
		};
		266997722B446B58006CEB8D /* Preview Content */ = {
			isa = PBXGroup;
			children = (
				266997732B446B58006CEB8D /* Preview Assets.xcassets */,
				2669978A2B448B7C006CEB8D /* weatherData.json */,
			);
			path = "Preview Content";
			sourceTree = "<group>";
		};
		2669977A2B446E0F006CEB8D /* Managers */ = {
			isa = PBXGroup;
			children = (
				2669977B2B446E21006CEB8D /* LocationManager.swift */,
				266997822B447BE1006CEB8D /* WeatherManager.swift */,
			);
			path = Managers;
			sourceTree = "<group>";
		};
		2669977D2B447157006CEB8D /* Views */ = {
			isa = PBXGroup;
			children = (
				2669976E2B446B56006CEB8D /* ContentView.swift */,
				2669977E2B4471B3006CEB8D /* WelcomeView.swift */,
				266997802B4476D4006CEB8D /* LoadingView.swift */,
				266997842B448A65006CEB8D /* WeatherView.swift */,
			);
			path = Views;
			sourceTree = "<group>";
		};
		2669978C2B448C4D006CEB8D /* Extention */ = {
			isa = PBXGroup;
			children = (
				2669978D2B448C5B006CEB8D /* Extention.swift */,
			);
			path = Extention;
			sourceTree = "<group>";
		};
		2669978F2B4495AB006CEB8D /* Component */ = {
			isa = PBXGroup;
			children = (
				266997902B4495B9006CEB8D /* weatherRow.swift */,
			);
			path = Component;
			sourceTree = "<group>";
		};
/* End PBXGroup section */

/* Begin PBXNativeTarget section */
		266997682B446B56006CEB8D /* WeatherApp */ = {
			isa = PBXNativeTarget;
			buildConfigurationList = 266997772B446B58006CEB8D /* Build configuration list for PBXNativeTarget "WeatherApp" */;
			buildPhases = (
				266997652B446B56006CEB8D /* Sources */,
				266997662B446B56006CEB8D /* Frameworks */,
				266997672B446B56006CEB8D /* Resources */,
			);
			buildRules = (
			);
			dependencies = (
			);
			name = WeatherApp;
			productName = WeatherApp;
			productReference = 266997692B446B56006CEB8D /* WeatherApp.app */;
			productType = "com.apple.product-type.application";
		};
/* End PBXNativeTarget section */

/* Begin PBXProject section */
		266997612B446B56006CEB8D /* Project object */ = {
			isa = PBXProject;
			attributes = {
				BuildIndependentTargetsInParallel = 1;
				LastSwiftUpdateCheck = 1500;
				LastUpgradeCheck = 1500;
				TargetAttributes = {
					266997682B446B56006CEB8D = {
						CreatedOnToolsVersion = 15.0.1;
					};
				};
			};
			buildConfigurationList = 266997642B446B56006CEB8D /* Build configuration list for PBXProject "WeatherApp" */;
			compatibilityVersion = "Xcode 14.0";
			developmentRegion = en;
			hasScannedForEncodings = 0;
			knownRegions = (
				en,
				Base,
			);
			mainGroup = 266997602B446B56006CEB8D;
			productRefGroup = 2669976A2B446B56006CEB8D /* Products */;
			projectDirPath = "";
			projectRoot = "";
			targets = (
				266997682B446B56006CEB8D /* WeatherApp */,
			);
		};
/* End PBXProject section */

/* Begin PBXResourcesBuildPhase section */
		266997672B446B56006CEB8D /* Resources */ = {
			isa = PBXResourcesBuildPhase;
			buildActionMask = 2147483647;
			files = (
				266997742B446B58006CEB8D /* Preview Assets.xcassets in Resources */,
				2669978B2B448B7C006CEB8D /* weatherData.json in Resources */,
				266997712B446B58006CEB8D /* Assets.xcassets in Resources */,
			);
			runOnlyForDeploymentPostprocessing = 0;
		};
/* End PBXResourcesBuildPhase section */

/* Begin PBXSourcesBuildPhase section */
		266997652B446B56006CEB8D /* Sources */ = {
			isa = PBXSourcesBuildPhase;
			buildActionMask = 2147483647;
			files = (
				266997832B447BE1006CEB8D /* WeatherManager.swift in Sources */,
				2669976F2B446B56006CEB8D /* ContentView.swift in Sources */,
				2669976D2B446B56006CEB8D /* WeatherAppApp.swift in Sources */,
				2669977C2B446E21006CEB8D /* LocationManager.swift in Sources */,
				266997812B4476D4006CEB8D /* LoadingView.swift in Sources */,
				266997912B4495B9006CEB8D /* weatherRow.swift in Sources */,
				266997872B448AA8006CEB8D /* ModelData.swift in Sources */,
				266997852B448A65006CEB8D /* WeatherView.swift in Sources */,
				2669978E2B448C5B006CEB8D /* Extention.swift in Sources */,
				2669977F2B4471B3006CEB8D /* WelcomeView.swift in Sources */,
			);
			runOnlyForDeploymentPostprocessing = 0;
		};
/* End PBXSourcesBuildPhase section */

/* Begin XCBuildConfiguration section */
		266997752B446B58006CEB8D /* Debug */ = {
			isa = XCBuildConfiguration;
			buildSettings = {
				ALWAYS_SEARCH_USER_PATHS = NO;
				ASSETCATALOG_COMPILER_GENERATE_SWIFT_ASSET_SYMBOL_EXTENSIONS = YES;
				CLANG_ANALYZER_NONNULL = YES;
				CLANG_ANALYZER_NUMBER_OBJECT_CONVERSION = YES_AGGRESSIVE;
				CLANG_CXX_LANGUAGE_STANDARD = "gnu++20";
				CLANG_ENABLE_MODULES = YES;
				CLANG_ENABLE_OBJC_ARC = YES;
				CLANG_ENABLE_OBJC_WEAK = YES;
				CLANG_WARN_BLOCK_CAPTURE_AUTORELEASING = YES;
				CLANG_WARN_BOOL_CONVERSION = YES;
				CLANG_WARN_COMMA = YES;
				CLANG_WARN_CONSTANT_CONVERSION = YES;
				CLANG_WARN_DEPRECATED_OBJC_IMPLEMENTATIONS = YES;
				CLANG_WARN_DIRECT_OBJC_ISA_USAGE = YES_ERROR;
				CLANG_WARN_DOCUMENTATION_COMMENTS = YES;
				CLANG_WARN_EMPTY_BODY = YES;
				CLANG_WARN_ENUM_CONVERSION = YES;
				CLANG_WARN_INFINITE_RECURSION = YES;
				CLANG_WARN_INT_CONVERSION = YES;
				CLANG_WARN_NON_LITERAL_NULL_CONVERSION = YES;
				CLANG_WARN_OBJC_IMPLICIT_RETAIN_SELF = YES;
				CLANG_WARN_OBJC_LITERAL_CONVERSION = YES;
				CLANG_WARN_OBJC_ROOT_CLASS = YES_ERROR;
				CLANG_WARN_QUOTED_INCLUDE_IN_FRAMEWORK_HEADER = YES;
				CLANG_WARN_RANGE_LOOP_ANALYSIS = YES;
				CLANG_WARN_STRICT_PROTOTYPES = YES;
				CLANG_WARN_SUSPICIOUS_MOVE = YES;
				CLANG_WARN_UNGUARDED_AVAILABILITY = YES_AGGRESSIVE;
				CLANG_WARN_UNREACHABLE_CODE = YES;
				CLANG_WARN__DUPLICATE_METHOD_MATCH = YES;
				COPY_PHASE_STRIP = NO;
				DEBUG_INFORMATION_FORMAT = dwarf;
				ENABLE_STRICT_OBJC_MSGSEND = YES;
				ENABLE_TESTABILITY = YES;
				ENABLE_USER_SCRIPT_SANDBOXING = YES;
				GCC_C_LANGUAGE_STANDARD = gnu17;
				GCC_DYNAMIC_NO_PIC = NO;
				GCC_NO_COMMON_BLOCKS = YES;
				GCC_OPTIMIZATION_LEVEL = 0;
				GCC_PREPROCESSOR_DEFINITIONS = (
					"DEBUG=1",
					"$(inherited)",
				);
				GCC_WARN_64_TO_32_BIT_CONVERSION = YES;
				GCC_WARN_ABOUT_RETURN_TYPE = YES_ERROR;
				GCC_WARN_UNDECLARED_SELECTOR = YES;
				GCC_WARN_UNINITIALIZED_AUTOS = YES_AGGRESSIVE;
				GCC_WARN_UNUSED_FUNCTION = YES;
				GCC_WARN_UNUSED_VARIABLE = YES;
				IPHONEOS_DEPLOYMENT_TARGET = 17.0;
				LOCALIZATION_PREFERS_STRING_CATALOGS = YES;
				MTL_ENABLE_DEBUG_INFO = INCLUDE_SOURCE;
				MTL_FAST_MATH = YES;
				ONLY_ACTIVE_ARCH = YES;
				SDKROOT = iphoneos;
				SWIFT_ACTIVE_COMPILATION_CONDITIONS = "DEBUG $(inherited)";
				SWIFT_OPTIMIZATION_LEVEL = "-Onone";
			};
			name = Debug;
		};
		266997762B446B58006CEB8D /* Release */ = {
			isa = XCBuildConfiguration;
			buildSettings = {
				ALWAYS_SEARCH_USER_PATHS = NO;
				ASSETCATALOG_COMPILER_GENERATE_SWIFT_ASSET_SYMBOL_EXTENSIONS = YES;
				CLANG_ANALYZER_NONNULL = YES;
				CLANG_ANALYZER_NUMBER_OBJECT_CONVERSION = YES_AGGRESSIVE;
				CLANG_CXX_LANGUAGE_STANDARD = "gnu++20";
				CLANG_ENABLE_MODULES = YES;
				CLANG_ENABLE_OBJC_ARC = YES;
				CLANG_ENABLE_OBJC_WEAK = YES;
				CLANG_WARN_BLOCK_CAPTURE_AUTORELEASING = YES;
				CLANG_WARN_BOOL_CONVERSION = YES;
				CLANG_WARN_COMMA = YES;
				CLANG_WARN_CONSTANT_CONVERSION = YES;
				CLANG_WARN_DEPRECATED_OBJC_IMPLEMENTATIONS = YES;
				CLANG_WARN_DIRECT_OBJC_ISA_USAGE = YES_ERROR;
				CLANG_WARN_DOCUMENTATION_COMMENTS = YES;
				CLANG_WARN_EMPTY_BODY = YES;
				CLANG_WARN_ENUM_CONVERSION = YES;
				CLANG_WARN_INFINITE_RECURSION = YES;
				CLANG_WARN_INT_CONVERSION = YES;
				CLANG_WARN_NON_LITERAL_NULL_CONVERSION = YES;
				CLANG_WARN_OBJC_IMPLICIT_RETAIN_SELF = YES;
				CLANG_WARN_OBJC_LITERAL_CONVERSION = YES;
				CLANG_WARN_OBJC_ROOT_CLASS = YES_ERROR;
				CLANG_WARN_QUOTED_INCLUDE_IN_FRAMEWORK_HEADER = YES;
				CLANG_WARN_RANGE_LOOP_ANALYSIS = YES;
				CLANG_WARN_STRICT_PROTOTYPES = YES;
				CLANG_WARN_SUSPICIOUS_MOVE = YES;
				CLANG_WARN_UNGUARDED_AVAILABILITY = YES_AGGRESSIVE;
				CLANG_WARN_UNREACHABLE_CODE = YES;
				CLANG_WARN__DUPLICATE_METHOD_MATCH = YES;
				COPY_PHASE_STRIP = NO;
				DEBUG_INFORMATION_FORMAT = "dwarf-with-dsym";
				ENABLE_NS_ASSERTIONS = NO;
				ENABLE_STRICT_OBJC_MSGSEND = YES;
				ENABLE_USER_SCRIPT_SANDBOXING = YES;
				GCC_C_LANGUAGE_STANDARD = gnu17;
				GCC_NO_COMMON_BLOCKS = YES;
				GCC_WARN_64_TO_32_BIT_CONVERSION = YES;
				GCC_WARN_ABOUT_RETURN_TYPE = YES_ERROR;
				GCC_WARN_UNDECLARED_SELECTOR = YES;
				GCC_WARN_UNINITIALIZED_AUTOS = YES_AGGRESSIVE;
				GCC_WARN_UNUSED_FUNCTION = YES;
				GCC_WARN_UNUSED_VARIABLE = YES;
				IPHONEOS_DEPLOYMENT_TARGET = 17.0;
				LOCALIZATION_PREFERS_STRING_CATALOGS = YES;
				MTL_ENABLE_DEBUG_INFO = NO;
				MTL_FAST_MATH = YES;
				SDKROOT = iphoneos;
				SWIFT_COMPILATION_MODE = wholemodule;
				VALIDATE_PRODUCT = YES;
			};
			name = Release;
		};
		266997782B446B58006CEB8D /* Debug */ = {
			isa = XCBuildConfiguration;
			buildSettings = {
				ASSETCATALOG_COMPILER_APPICON_NAME = AppIcon;
				ASSETCATALOG_COMPILER_GLOBAL_ACCENT_COLOR_NAME = AccentColor;
				CODE_SIGN_STYLE = Automatic;
				CURRENT_PROJECT_VERSION = 1;
				DEVELOPMENT_ASSET_PATHS = "\"WeatherApp/Preview Content\"";
				DEVELOPMENT_TEAM = 587KJ2SYVV;
				ENABLE_PREVIEWS = YES;
				GENERATE_INFOPLIST_FILE = YES;
				INFOPLIST_KEY_UIApplicationSceneManifest_Generation = YES;
				INFOPLIST_KEY_UIApplicationSupportsIndirectInputEvents = YES;
				INFOPLIST_KEY_UILaunchScreen_Generation = YES;
				INFOPLIST_KEY_UISupportedInterfaceOrientations_iPad = "UIInterfaceOrientationPortrait UIInterfaceOrientationPortraitUpsideDown UIInterfaceOrientationLandscapeLeft UIInterfaceOrientationLandscapeRight";
				INFOPLIST_KEY_UISupportedInterfaceOrientations_iPhone = "UIInterfaceOrientationPortrait UIInterfaceOrientationLandscapeLeft UIInterfaceOrientationLandscapeRight";
				LD_RUNPATH_SEARCH_PATHS = (
					"$(inherited)",
					"@executable_path/Frameworks",
				);
				MARKETING_VERSION = 1.0;
				PRODUCT_BUNDLE_IDENTIFIER = sami.WeatherApp;
				PRODUCT_NAME = "$(TARGET_NAME)";
				SWIFT_EMIT_LOC_STRINGS = YES;
				SWIFT_VERSION = 5.0;
				TARGETED_DEVICE_FAMILY = "1,2";
			};
			name = Debug;
		};
		266997792B446B58006CEB8D /* Release */ = {
			isa = XCBuildConfiguration;
			buildSettings = {
				ASSETCATALOG_COMPILER_APPICON_NAME = AppIcon;
				ASSETCATALOG_COMPILER_GLOBAL_ACCENT_COLOR_NAME = AccentColor;
				CODE_SIGN_STYLE = Automatic;
				CURRENT_PROJECT_VERSION = 1;
				DEVELOPMENT_ASSET_PATHS = "\"WeatherApp/Preview Content\"";
				DEVELOPMENT_TEAM = 587KJ2SYVV;
				ENABLE_PREVIEWS = YES;
				GENERATE_INFOPLIST_FILE = YES;
				INFOPLIST_KEY_UIApplicationSceneManifest_Generation = YES;
				INFOPLIST_KEY_UIApplicationSupportsIndirectInputEvents = YES;
				INFOPLIST_KEY_UILaunchScreen_Generation = YES;
				INFOPLIST_KEY_UISupportedInterfaceOrientations_iPad = "UIInterfaceOrientationPortrait UIInterfaceOrientationPortraitUpsideDown UIInterfaceOrientationLandscapeLeft UIInterfaceOrientationLandscapeRight";
				INFOPLIST_KEY_UISupportedInterfaceOrientations_iPhone = "UIInterfaceOrientationPortrait UIInterfaceOrientationLandscapeLeft UIInterfaceOrientationLandscapeRight";
				LD_RUNPATH_SEARCH_PATHS = (
					"$(inherited)",
					"@executable_path/Frameworks",
				);
				MARKETING_VERSION = 1.0;
				PRODUCT_BUNDLE_IDENTIFIER = sami.WeatherApp;
				PRODUCT_NAME = "$(TARGET_NAME)";
				SWIFT_EMIT_LOC_STRINGS = YES;
				SWIFT_VERSION = 5.0;
				TARGETED_DEVICE_FAMILY = "1,2";
			};
			name = Release;
		};
/* End XCBuildConfiguration section */

/* Begin XCConfigurationList section */
		266997642B446B56006CEB8D /* Build configuration list for PBXProject "WeatherApp" */ = {
			isa = XCConfigurationList;
			buildConfigurations = (
				266997752B446B58006CEB8D /* Debug */,
				266997762B446B58006CEB8D /* Release */,
			);
			defaultConfigurationIsVisible = 0;
			defaultConfigurationName = Release;
		};
		266997772B446B58006CEB8D /* Build configuration list for PBXNativeTarget "WeatherApp" */ = {
			isa = XCConfigurationList;
			buildConfigurations = (
				266997782B446B58006CEB8D /* Debug */,
				266997792B446B58006CEB8D /* Release */,
			);
			defaultConfigurationIsVisible = 0;
			defaultConfigurationName = Release;
		};
/* End XCConfigurationList section */
	};
	rootObject = 266997612B446B56006CEB8D /* Project object */;
}
